
Microsoft Visual Studio Solution File, Format Version 12.00
# Visual Studio 14
VisualStudioVersion = 14.0.25420.1
MinimumVisualStudioVersion = 10.0.40219.1
Project("{FAE04EC0-301F-11D3-BF4B-00C04F79EFBC}") = "teht01", "teht01\teht01.csproj", "{2E5C6838-62EF-4652-843B-1398A102EAC6}"
EndProject
Project("{FAE04EC0-301F-11D3-BF4B-00C04F79EFBC}") = "teht01b", "teht01b\teht01b.csproj", "{8B24CAD0-D0ED-43D0-8D17-8BB4B898CB9F}"
EndProject
Project("{FAE04EC0-301F-11D3-BF4B-00C04F79EFBC}") = "teht02", "teht02\teht02.csproj", "{077EE8C4-FB81-4E0B-B956-1DEA71460485}"
EndProject
Project("{FAE04EC0-301F-11D3-BF4B-00C04F79EFBC}") = "teht03", "teht03\teht03.csproj", "{C9B1CBA0-FF53-4682-A2AE-14D0C863682B}"
EndProject
Project("{FAE04EC0-301F-11D3-BF4B-00C04F79EFBC}") = "teht04", "teht04\teht04.csproj", "{14575B0C-81C7-4AB0-8444-F86399E2FD5C}"
EndProject
Project("{FAE04EC0-301F-11D3-BF4B-00C04F79EFBC}") = "teht05", "teht05\teht05.csproj", "{8EA8F0AC-B7BE-45EA-9BB9-74D74BEE2C29}"
EndProject
Project("{FAE04EC0-301F-11D3-BF4B-00C04F79EFBC}") = "teht06_", "teht06_\teht06_.csproj", "{522F7CD1-CC80-4C35-9E8B-48829C548D95}"
EndProject
Project("{FAE04EC0-301F-11D3-BF4B-00C04F79EFBC}") = "teht07", "teht07\teht07.csproj", "{C55BD47D-ED1D-4B5D-B035-2F281DB6AD68}"
EndProject
Project("{FAE04EC0-301F-11D3-BF4B-00C04F79EFBC}") = "teht08", "teht08\teht08.csproj", "{02EBFB76-FDF0-43E1-A16D-E0541CB4FDCB}"
EndProject
Project("{FAE04EC0-301F-11D3-BF4B-00C04F79EFBC}") = "teht09", "teht09\teht09.csproj", "{9019983F-20FC-471C-9A74-62D9B5C92B48}"
EndProject
Project("{FAE04EC0-301F-11D3-BF4B-00C04F79EFBC}") = "teht10", "teht10\teht10.csproj", "{48ABFBA4-2DEB-4DCD-B8CB-4F9B2E53FE95}"
EndProject
Project("{FAE04EC0-301F-11D3-BF4B-00C04F79EFBC}") = "teht11", "teht11\teht11.csproj", "{2C68705F-6D62-4F95-83C9-2F87F2F97B3D}"
EndProject
Project("{FAE04EC0-301F-11D3-BF4B-00C04F79EFBC}") = "teht12", "teht12\teht12.csproj", "{9279B211-57A0-47AB-8A62-5B011369F7D0}"
EndProject
Project("{FAE04EC0-301F-11D3-BF4B-00C04F79EFBC}") = "teht13", "teht13\teht13.csproj", "{95E37FC5-A7CC-4711-A219-B613647F650D}"
EndProject
Project("{FAE04EC0-301F-11D3-BF4B-00C04F79EFBC}") = "teht16", "teht16\teht16.csproj", "{483A28BA-0A49-407F-B4D4-EB6FE9B099B1}"
EndProject
Global
	GlobalSection(SolutionConfigurationPlatforms) = preSolution
		Debug|Any CPU = Debug|Any CPU
		Debug|x64 = Debug|x64
		Debug|x86 = Debug|x86
		Release|Any CPU = Release|Any CPU
		Release|x64 = Release|x64
		Release|x86 = Release|x86
	EndGlobalSection
	GlobalSection(ProjectConfigurationPlatforms) = postSolution
		{2E5C6838-62EF-4652-843B-1398A102EAC6}.Debug|Any CPU.ActiveCfg = Debug|Any CPU
		{2E5C6838-62EF-4652-843B-1398A102EAC6}.Debug|Any CPU.Build.0 = Debug|Any CPU
		{2E5C6838-62EF-4652-843B-1398A102EAC6}.Debug|x64.ActiveCfg = Debug|Any CPU
		{2E5C6838-62EF-4652-843B-1398A102EAC6}.Debug|x64.Build.0 = Debug|Any CPU
		{2E5C6838-62EF-4652-843B-1398A102EAC6}.Debug|x86.ActiveCfg = Debug|Any CPU
		{2E5C6838-62EF-4652-843B-1398A102EAC6}.Debug|x86.Build.0 = Debug|Any CPU
		{2E5C6838-62EF-4652-843B-1398A102EAC6}.Release|Any CPU.ActiveCfg = Release|Any CPU
		{2E5C6838-62EF-4652-843B-1398A102EAC6}.Release|Any CPU.Build.0 = Release|Any CPU
		{2E5C6838-62EF-4652-843B-1398A102EAC6}.Release|x64.ActiveCfg = Release|Any CPU
		{2E5C6838-62EF-4652-843B-1398A102EAC6}.Release|x64.Build.0 = Release|Any CPU
		{2E5C6838-62EF-4652-843B-1398A102EAC6}.Release|x86.ActiveCfg = Release|Any CPU
		{2E5C6838-62EF-4652-843B-1398A102EAC6}.Release|x86.Build.0 = Release|Any CPU
		{8B24CAD0-D0ED-43D0-8D17-8BB4B898CB9F}.Debug|Any CPU.ActiveCfg = Debug|Any CPU
		{8B24CAD0-D0ED-43D0-8D17-8BB4B898CB9F}.Debug|Any CPU.Build.0 = Debug|Any CPU
		{8B24CAD0-D0ED-43D0-8D17-8BB4B898CB9F}.Debug|x64.ActiveCfg = Debug|Any CPU
		{8B24CAD0-D0ED-43D0-8D17-8BB4B898CB9F}.Debug|x64.Build.0 = Debug|Any CPU
		{8B24CAD0-D0ED-43D0-8D17-8BB4B898CB9F}.Debug|x86.ActiveCfg = Debug|Any CPU
		{8B24CAD0-D0ED-43D0-8D17-8BB4B898CB9F}.Debug|x86.Build.0 = Debug|Any CPU
		{8B24CAD0-D0ED-43D0-8D17-8BB4B898CB9F}.Release|Any CPU.ActiveCfg = Release|Any CPU
		{8B24CAD0-D0ED-43D0-8D17-8BB4B898CB9F}.Release|Any CPU.Build.0 = Release|Any CPU
		{8B24CAD0-D0ED-43D0-8D17-8BB4B898CB9F}.Release|x64.ActiveCfg = Release|Any CPU
		{8B24CAD0-D0ED-43D0-8D17-8BB4B898CB9F}.Release|x64.Build.0 = Release|Any CPU
		{8B24CAD0-D0ED-43D0-8D17-8BB4B898CB9F}.Release|x86.ActiveCfg = Release|Any CPU
		{8B24CAD0-D0ED-43D0-8D17-8BB4B898CB9F}.Release|x86.Build.0 = Release|Any CPU
		{077EE8C4-FB81-4E0B-B956-1DEA71460485}.Debug|Any CPU.ActiveCfg = Debug|Any CPU
		{077EE8C4-FB81-4E0B-B956-1DEA71460485}.Debug|Any CPU.Build.0 = Debug|Any CPU
		{077EE8C4-FB81-4E0B-B956-1DEA71460485}.Debug|x64.ActiveCfg = Debug|Any CPU
		{077EE8C4-FB81-4E0B-B956-1DEA71460485}.Debug|x64.Build.0 = Debug|Any CPU
		{077EE8C4-FB81-4E0B-B956-1DEA71460485}.Debug|x86.ActiveCfg = Debug|Any CPU
		{077EE8C4-FB81-4E0B-B956-1DEA71460485}.Debug|x86.Build.0 = Debug|Any CPU
		{077EE8C4-FB81-4E0B-B956-1DEA71460485}.Release|Any CPU.ActiveCfg = Release|Any CPU
		{077EE8C4-FB81-4E0B-B956-1DEA71460485}.Release|Any CPU.Build.0 = Release|Any CPU
		{077EE8C4-FB81-4E0B-B956-1DEA71460485}.Release|x64.ActiveCfg = Release|Any CPU
		{077EE8C4-FB81-4E0B-B956-1DEA71460485}.Release|x64.Build.0 = Release|Any CPU
		{077EE8C4-FB81-4E0B-B956-1DEA71460485}.Release|x86.ActiveCfg = Release|Any CPU
		{077EE8C4-FB81-4E0B-B956-1DEA71460485}.Release|x86.Build.0 = Release|Any CPU
		{C9B1CBA0-FF53-4682-A2AE-14D0C863682B}.Debug|Any CPU.ActiveCfg = Debug|Any CPU
		{C9B1CBA0-FF53-4682-A2AE-14D0C863682B}.Debug|Any CPU.Build.0 = Debug|Any CPU
		{C9B1CBA0-FF53-4682-A2AE-14D0C863682B}.Debug|x64.ActiveCfg = Debug|Any CPU
		{C9B1CBA0-FF53-4682-A2AE-14D0C863682B}.Debug|x64.Build.0 = Debug|Any CPU
		{C9B1CBA0-FF53-4682-A2AE-14D0C863682B}.Debug|x86.ActiveCfg = Debug|Any CPU
		{C9B1CBA0-FF53-4682-A2AE-14D0C863682B}.Debug|x86.Build.0 = Debug|Any CPU
		{C9B1CBA0-FF53-4682-A2AE-14D0C863682B}.Release|Any CPU.ActiveCfg = Release|Any CPU
		{C9B1CBA0-FF53-4682-A2AE-14D0C863682B}.Release|Any CPU.Build.0 = Release|Any CPU
		{C9B1CBA0-FF53-4682-A2AE-14D0C863682B}.Release|x64.ActiveCfg = Release|Any CPU
		{C9B1CBA0-FF53-4682-A2AE-14D0C863682B}.Release|x64.Build.0 = Release|Any CPU
		{C9B1CBA0-FF53-4682-A2AE-14D0C863682B}.Release|x86.ActiveCfg = Release|Any CPU
		{C9B1CBA0-FF53-4682-A2AE-14D0C863682B}.Release|x86.Build.0 = Release|Any CPU
		{14575B0C-81C7-4AB0-8444-F86399E2FD5C}.Debug|Any CPU.ActiveCfg = Debug|Any CPU
		{14575B0C-81C7-4AB0-8444-F86399E2FD5C}.Debug|Any CPU.Build.0 = Debug|Any CPU
		{14575B0C-81C7-4AB0-8444-F86399E2FD5C}.Debug|x64.ActiveCfg = Debug|Any CPU
		{14575B0C-81C7-4AB0-8444-F86399E2FD5C}.Debug|x64.Build.0 = Debug|Any CPU
		{14575B0C-81C7-4AB0-8444-F86399E2FD5C}.Debug|x86.ActiveCfg = Debug|Any CPU
		{14575B0C-81C7-4AB0-8444-F86399E2FD5C}.Debug|x86.Build.0 = Debug|Any CPU
		{14575B0C-81C7-4AB0-8444-F86399E2FD5C}.Release|Any CPU.ActiveCfg = Release|Any CPU
		{14575B0C-81C7-4AB0-8444-F86399E2FD5C}.Release|Any CPU.Build.0 = Release|Any CPU
		{14575B0C-81C7-4AB0-8444-F86399E2FD5C}.Release|x64.ActiveCfg = Release|Any CPU
		{14575B0C-81C7-4AB0-8444-F86399E2FD5C}.Release|x64.Build.0 = Release|Any CPU
		{14575B0C-81C7-4AB0-8444-F86399E2FD5C}.Release|x86.ActiveCfg = Release|Any CPU
		{14575B0C-81C7-4AB0-8444-F86399E2FD5C}.Release|x86.Build.0 = Release|Any CPU
		{8EA8F0AC-B7BE-45EA-9BB9-74D74BEE2C29}.Debug|Any CPU.ActiveCfg = Debug|Any CPU
		{8EA8F0AC-B7BE-45EA-9BB9-74D74BEE2C29}.Debug|Any CPU.Build.0 = Debug|Any CPU
		{8EA8F0AC-B7BE-45EA-9BB9-74D74BEE2C29}.Debug|x64.ActiveCfg = Debug|Any CPU
		{8EA8F0AC-B7BE-45EA-9BB9-74D74BEE2C29}.Debug|x64.Build.0 = Debug|Any CPU
		{8EA8F0AC-B7BE-45EA-9BB9-74D74BEE2C29}.Debug|x86.ActiveCfg = Debug|Any CPU
		{8EA8F0AC-B7BE-45EA-9BB9-74D74BEE2C29}.Debug|x86.Build.0 = Debug|Any CPU
		{8EA8F0AC-B7BE-45EA-9BB9-74D74BEE2C29}.Release|Any CPU.ActiveCfg = Release|Any CPU
		{8EA8F0AC-B7BE-45EA-9BB9-74D74BEE2C29}.Release|Any CPU.Build.0 = Release|Any CPU
		{8EA8F0AC-B7BE-45EA-9BB9-74D74BEE2C29}.Release|x64.ActiveCfg = Release|Any CPU
		{8EA8F0AC-B7BE-45EA-9BB9-74D74BEE2C29}.Release|x64.Build.0 = Release|Any CPU
		{8EA8F0AC-B7BE-45EA-9BB9-74D74BEE2C29}.Release|x86.ActiveCfg = Release|Any CPU
		{8EA8F0AC-B7BE-45EA-9BB9-74D74BEE2C29}.Release|x86.Build.0 = Release|Any CPU
		{522F7CD1-CC80-4C35-9E8B-48829C548D95}.Debug|Any CPU.ActiveCfg = Debug|Any CPU
		{522F7CD1-CC80-4C35-9E8B-48829C548D95}.Debug|Any CPU.Build.0 = Debug|Any CPU
		{522F7CD1-CC80-4C35-9E8B-48829C548D95}.Debug|x64.ActiveCfg = Debug|Any CPU
		{522F7CD1-CC80-4C35-9E8B-48829C548D95}.Debug|x64.Build.0 = Debug|Any CPU
		{522F7CD1-CC80-4C35-9E8B-48829C548D95}.Debug|x86.ActiveCfg = Debug|Any CPU
		{522F7CD1-CC80-4C35-9E8B-48829C548D95}.Debug|x86.Build.0 = Debug|Any CPU
		{522F7CD1-CC80-4C35-9E8B-48829C548D95}.Release|Any CPU.ActiveCfg = Release|Any CPU
		{522F7CD1-CC80-4C35-9E8B-48829C548D95}.Release|Any CPU.Build.0 = Release|Any CPU
		{522F7CD1-CC80-4C35-9E8B-48829C548D95}.Release|x64.ActiveCfg = Release|Any CPU
		{522F7CD1-CC80-4C35-9E8B-48829C548D95}.Release|x64.Build.0 = Release|Any CPU
		{522F7CD1-CC80-4C35-9E8B-48829C548D95}.Release|x86.ActiveCfg = Release|Any CPU
		{522F7CD1-CC80-4C35-9E8B-48829C548D95}.Release|x86.Build.0 = Release|Any CPU
		{C55BD47D-ED1D-4B5D-B035-2F281DB6AD68}.Debug|Any CPU.ActiveCfg = Debug|Any CPU
		{C55BD47D-ED1D-4B5D-B035-2F281DB6AD68}.Debug|Any CPU.Build.0 = Debug|Any CPU
		{C55BD47D-ED1D-4B5D-B035-2F281DB6AD68}.Debug|x64.ActiveCfg = Debug|Any CPU
		{C55BD47D-ED1D-4B5D-B035-2F281DB6AD68}.Debug|x64.Build.0 = Debug|Any CPU
		{C55BD47D-ED1D-4B5D-B035-2F281DB6AD68}.Debug|x86.ActiveCfg = Debug|Any CPU
		{C55BD47D-ED1D-4B5D-B035-2F281DB6AD68}.Debug|x86.Build.0 = Debug|Any CPU
		{C55BD47D-ED1D-4B5D-B035-2F281DB6AD68}.Release|Any CPU.ActiveCfg = Release|Any CPU
		{C55BD47D-ED1D-4B5D-B035-2F281DB6AD68}.Release|Any CPU.Build.0 = Release|Any CPU
		{C55BD47D-ED1D-4B5D-B035-2F281DB6AD68}.Release|x64.ActiveCfg = Release|Any CPU
		{C55BD47D-ED1D-4B5D-B035-2F281DB6AD68}.Release|x64.Build.0 = Release|Any CPU
		{C55BD47D-ED1D-4B5D-B035-2F281DB6AD68}.Release|x86.ActiveCfg = Release|Any CPU
		{C55BD47D-ED1D-4B5D-B035-2F281DB6AD68}.Release|x86.Build.0 = Release|Any CPU
		{02EBFB76-FDF0-43E1-A16D-E0541CB4FDCB}.Debug|Any CPU.ActiveCfg = Debug|Any CPU
		{02EBFB76-FDF0-43E1-A16D-E0541CB4FDCB}.Debug|Any CPU.Build.0 = Debug|Any CPU
		{02EBFB76-FDF0-43E1-A16D-E0541CB4FDCB}.Debug|x64.ActiveCfg = Debug|Any CPU
		{02EBFB76-FDF0-43E1-A16D-E0541CB4FDCB}.Debug|x64.Build.0 = Debug|Any CPU
		{02EBFB76-FDF0-43E1-A16D-E0541CB4FDCB}.Debug|x86.ActiveCfg = Debug|Any CPU
		{02EBFB76-FDF0-43E1-A16D-E0541CB4FDCB}.Debug|x86.Build.0 = Debug|Any CPU
		{02EBFB76-FDF0-43E1-A16D-E0541CB4FDCB}.Release|Any CPU.ActiveCfg = Release|Any CPU
		{02EBFB76-FDF0-43E1-A16D-E0541CB4FDCB}.Release|Any CPU.Build.0 = Release|Any CPU
		{02EBFB76-FDF0-43E1-A16D-E0541CB4FDCB}.Release|x64.ActiveCfg = Release|Any CPU
		{02EBFB76-FDF0-43E1-A16D-E0541CB4FDCB}.Release|x64.Build.0 = Release|Any CPU
		{02EBFB76-FDF0-43E1-A16D-E0541CB4FDCB}.Release|x86.ActiveCfg = Release|Any CPU
		{02EBFB76-FDF0-43E1-A16D-E0541CB4FDCB}.Release|x86.Build.0 = Release|Any CPU
		{9019983F-20FC-471C-9A74-62D9B5C92B48}.Debug|Any CPU.ActiveCfg = Debug|Any CPU
		{9019983F-20FC-471C-9A74-62D9B5C92B48}.Debug|Any CPU.Build.0 = Debug|Any CPU
		{9019983F-20FC-471C-9A74-62D9B5C92B48}.Debug|x64.ActiveCfg = Debug|Any CPU
		{9019983F-20FC-471C-9A74-62D9B5C92B48}.Debug|x64.Build.0 = Debug|Any CPU
		{9019983F-20FC-471C-9A74-62D9B5C92B48}.Debug|x86.ActiveCfg = Debug|Any CPU
		{9019983F-20FC-471C-9A74-62D9B5C92B48}.Debug|x86.Build.0 = Debug|Any CPU
		{9019983F-20FC-471C-9A74-62D9B5C92B48}.Release|Any CPU.ActiveCfg = Release|Any CPU
		{9019983F-20FC-471C-9A74-62D9B5C92B48}.Release|Any CPU.Build.0 = Release|Any CPU
		{9019983F-20FC-471C-9A74-62D9B5C92B48}.Release|x64.ActiveCfg = Release|Any CPU
		{9019983F-20FC-471C-9A74-62D9B5C92B48}.Release|x64.Build.0 = Release|Any CPU
		{9019983F-20FC-471C-9A74-62D9B5C92B48}.Release|x86.ActiveCfg = Release|Any CPU
		{9019983F-20FC-471C-9A74-62D9B5C92B48}.Release|x86.Build.0 = Release|Any CPU
		{48ABFBA4-2DEB-4DCD-B8CB-4F9B2E53FE95}.Debug|Any CPU.ActiveCfg = Debug|Any CPU
		{48ABFBA4-2DEB-4DCD-B8CB-4F9B2E53FE95}.Debug|Any CPU.Build.0 = Debug|Any CPU
		{48ABFBA4-2DEB-4DCD-B8CB-4F9B2E53FE95}.Debug|x64.ActiveCfg = Debug|Any CPU
		{48ABFBA4-2DEB-4DCD-B8CB-4F9B2E53FE95}.Debug|x64.Build.0 = Debug|Any CPU
		{48ABFBA4-2DEB-4DCD-B8CB-4F9B2E53FE95}.Debug|x86.ActiveCfg = Debug|Any CPU
		{48ABFBA4-2DEB-4DCD-B8CB-4F9B2E53FE95}.Debug|x86.Build.0 = Debug|Any CPU
		{48ABFBA4-2DEB-4DCD-B8CB-4F9B2E53FE95}.Release|Any CPU.ActiveCfg = Release|Any CPU
		{48ABFBA4-2DEB-4DCD-B8CB-4F9B2E53FE95}.Release|Any CPU.Build.0 = Release|Any CPU
		{48ABFBA4-2DEB-4DCD-B8CB-4F9B2E53FE95}.Release|x64.ActiveCfg = Release|Any CPU
		{48ABFBA4-2DEB-4DCD-B8CB-4F9B2E53FE95}.Release|x64.Build.0 = Release|Any CPU
		{48ABFBA4-2DEB-4DCD-B8CB-4F9B2E53FE95}.Release|x86.ActiveCfg = Release|Any CPU
		{48ABFBA4-2DEB-4DCD-B8CB-4F9B2E53FE95}.Release|x86.Build.0 = Release|Any CPU
		{2C68705F-6D62-4F95-83C9-2F87F2F97B3D}.Debug|Any CPU.ActiveCfg = Debug|Any CPU
		{2C68705F-6D62-4F95-83C9-2F87F2F97B3D}.Debug|Any CPU.Build.0 = Debug|Any CPU
		{2C68705F-6D62-4F95-83C9-2F87F2F97B3D}.Debug|x64.ActiveCfg = Debug|Any CPU
		{2C68705F-6D62-4F95-83C9-2F87F2F97B3D}.Debug|x64.Build.0 = Debug|Any CPU
		{2C68705F-6D62-4F95-83C9-2F87F2F97B3D}.Debug|x86.ActiveCfg = Debug|Any CPU
		{2C68705F-6D62-4F95-83C9-2F87F2F97B3D}.Debug|x86.Build.0 = Debug|Any CPU
		{2C68705F-6D62-4F95-83C9-2F87F2F97B3D}.Release|Any CPU.ActiveCfg = Release|Any CPU
		{2C68705F-6D62-4F95-83C9-2F87F2F97B3D}.Release|Any CPU.Build.0 = Release|Any CPU
		{2C68705F-6D62-4F95-83C9-2F87F2F97B3D}.Release|x64.ActiveCfg = Release|Any CPU
		{2C68705F-6D62-4F95-83C9-2F87F2F97B3D}.Release|x64.Build.0 = Release|Any CPU
		{2C68705F-6D62-4F95-83C9-2F87F2F97B3D}.Release|x86.ActiveCfg = Release|Any CPU
		{2C68705F-6D62-4F95-83C9-2F87F2F97B3D}.Release|x86.Build.0 = Release|Any CPU
		{9279B211-57A0-47AB-8A62-5B011369F7D0}.Debug|Any CPU.ActiveCfg = Debug|Any CPU
		{9279B211-57A0-47AB-8A62-5B011369F7D0}.Debug|Any CPU.Build.0 = Debug|Any CPU
		{9279B211-57A0-47AB-8A62-5B011369F7D0}.Debug|x64.ActiveCfg = Debug|Any CPU
		{9279B211-57A0-47AB-8A62-5B011369F7D0}.Debug|x64.Build.0 = Debug|Any CPU
		{9279B211-57A0-47AB-8A62-5B011369F7D0}.Debug|x86.ActiveCfg = Debug|Any CPU
		{9279B211-57A0-47AB-8A62-5B011369F7D0}.Debug|x86.Build.0 = Debug|Any CPU
		{9279B211-57A0-47AB-8A62-5B011369F7D0}.Release|Any CPU.ActiveCfg = Release|Any CPU
		{9279B211-57A0-47AB-8A62-5B011369F7D0}.Release|Any CPU.Build.0 = Release|Any CPU
		{9279B211-57A0-47AB-8A62-5B011369F7D0}.Release|x64.ActiveCfg = Release|Any CPU
		{9279B211-57A0-47AB-8A62-5B011369F7D0}.Release|x64.Build.0 = Release|Any CPU
		{9279B211-57A0-47AB-8A62-5B011369F7D0}.Release|x86.ActiveCfg = Release|Any CPU
		{9279B211-57A0-47AB-8A62-5B011369F7D0}.Release|x86.Build.0 = Release|Any CPU
		{95E37FC5-A7CC-4711-A219-B613647F650D}.Debug|Any CPU.ActiveCfg = Debug|Any CPU
		{95E37FC5-A7CC-4711-A219-B613647F650D}.Debug|Any CPU.Build.0 = Debug|Any CPU
		{95E37FC5-A7CC-4711-A219-B613647F650D}.Debug|x64.ActiveCfg = Debug|Any CPU
		{95E37FC5-A7CC-4711-A219-B613647F650D}.Debug|x64.Build.0 = Debug|Any CPU
		{95E37FC5-A7CC-4711-A219-B613647F650D}.Debug|x86.ActiveCfg = Debug|Any CPU
		{95E37FC5-A7CC-4711-A219-B613647F650D}.Debug|x86.Build.0 = Debug|Any CPU
		{95E37FC5-A7CC-4711-A219-B613647F650D}.Release|Any CPU.ActiveCfg = Release|Any CPU
		{95E37FC5-A7CC-4711-A219-B613647F650D}.Release|Any CPU.Build.0 = Release|Any CPU
		{95E37FC5-A7CC-4711-A219-B613647F650D}.Release|x64.ActiveCfg = Release|Any CPU
		{95E37FC5-A7CC-4711-A219-B613647F650D}.Release|x64.Build.0 = Release|Any CPU
		{95E37FC5-A7CC-4711-A219-B613647F650D}.Release|x86.ActiveCfg = Release|Any CPU
		{95E37FC5-A7CC-4711-A219-B613647F650D}.Release|x86.Build.0 = Release|Any CPU
		{483A28BA-0A49-407F-B4D4-EB6FE9B099B1}.Debug|Any CPU.ActiveCfg = Debug|Any CPU
		{483A28BA-0A49-407F-B4D4-EB6FE9B099B1}.Debug|Any CPU.Build.0 = Debug|Any CPU
		{483A28BA-0A49-407F-B4D4-EB6FE9B099B1}.Debug|x64.ActiveCfg = Debug|Any CPU
		{483A28BA-0A49-407F-B4D4-EB6FE9B099B1}.Debug|x64.Build.0 = Debug|Any CPU
		{483A28BA-0A49-407F-B4D4-EB6FE9B099B1}.Debug|x86.ActiveCfg = Debug|Any CPU
		{483A28BA-0A49-407F-B4D4-EB6FE9B099B1}.Debug|x86.Build.0 = Debug|Any CPU
		{483A28BA-0A49-407F-B4D4-EB6FE9B099B1}.Release|Any CPU.ActiveCfg = Release|Any CPU
		{483A28BA-0A49-407F-B4D4-EB6FE9B099B1}.Release|Any CPU.Build.0 = Release|Any CPU
		{483A28BA-0A49-407F-B4D4-EB6FE9B099B1}.Release|x64.ActiveCfg = Release|Any CPU
		{483A28BA-0A49-407F-B4D4-EB6FE9B099B1}.Release|x64.Build.0 = Release|Any CPU
		{483A28BA-0A49-407F-B4D4-EB6FE9B099B1}.Release|x86.ActiveCfg = Release|Any CPU
		{483A28BA-0A49-407F-B4D4-EB6FE9B099B1}.Release|x86.Build.0 = Release|Any CPU
	EndGlobalSection
	GlobalSection(SolutionProperties) = preSolution
		HideSolutionNode = FALSE
	EndGlobalSection
EndGlobal
